// !$*UTF8*$!
{
	archiveVersion = 1;
	classes = {
	};
	objectVersion = 56;
	objects = {

/* Begin PBXBuildFile section */
		CE104AFE2AF54F3B00C0B8BB /* EnvironmentViewModel.swift in Sources */ = {isa = PBXBuildFile; fileRef = CE104AFD2AF54F3B00C0B8BB /* EnvironmentViewModel.swift */; };
		CE104B002AF5505300C0B8BB /* EnvironmentObjectBootcamp.swift in Sources */ = {isa = PBXBuildFile; fileRef = CE104AFF2AF5505300C0B8BB /* EnvironmentObjectBootcamp.swift */; };
		CE1CBBB42AF174C100CF7CBD /* TabViewBootcamp.swift in Sources */ = {isa = PBXBuildFile; fileRef = CE1CBBB32AF174C100CF7CBD /* TabViewBootcamp.swift */; };
		CE1CBBB62AF177FB00CF7CBD /* DarkModeBootcamp.swift in Sources */ = {isa = PBXBuildFile; fileRef = CE1CBBB52AF177FA00CF7CBD /* DarkModeBootcamp.swift */; };
		CE3C2C182AEC062700F142EA /* SafeAreaBootcamp.swift in Sources */ = {isa = PBXBuildFile; fileRef = CE3C2C172AEC062600F142EA /* SafeAreaBootcamp.swift */; };
		CE3C2C1A2AEC0A7800F142EA /* ButtonBootcamp.swift in Sources */ = {isa = PBXBuildFile; fileRef = CE3C2C192AEC0A7800F142EA /* ButtonBootcamp.swift */; };
		CE3C2C1C2AEC0E0D00F142EA /* StateBootcamp.swift in Sources */ = {isa = PBXBuildFile; fileRef = CE3C2C1B2AEC0E0D00F142EA /* StateBootcamp.swift */; };
		CE3C2C1E2AEC14FB00F142EA /* ExtractedFunctionBootcamp.swift in Sources */ = {isa = PBXBuildFile; fileRef = CE3C2C1D2AEC14FB00F142EA /* ExtractedFunctionBootcamp.swift */; };
		CE3C2C202AEC18D200F142EA /* ExtractedSubviewsBootcamp.swift in Sources */ = {isa = PBXBuildFile; fileRef = CE3C2C1F2AEC18D200F142EA /* ExtractedSubviewsBootcamp.swift */; };
		CE52E5B72AE7A7710019BEE7 /* SwiftUI_Bootcamp_1App.swift in Sources */ = {isa = PBXBuildFile; fileRef = CE52E5B62AE7A7710019BEE7 /* SwiftUI_Bootcamp_1App.swift */; };
		CE52E5B92AE7A7710019BEE7 /* ContentView.swift in Sources */ = {isa = PBXBuildFile; fileRef = CE52E5B82AE7A7710019BEE7 /* ContentView.swift */; };
		CE52E5BB2AE7A7730019BEE7 /* Assets.xcassets in Resources */ = {isa = PBXBuildFile; fileRef = CE52E5BA2AE7A7730019BEE7 /* Assets.xcassets */; };
		CE52E5BF2AE7A7730019BEE7 /* Preview Assets.xcassets in Resources */ = {isa = PBXBuildFile; fileRef = CE52E5BE2AE7A7730019BEE7 /* Preview Assets.xcassets */; };
		CE52E5C62AE7A7C50019BEE7 /* TextBootcamp.swift in Sources */ = {isa = PBXBuildFile; fileRef = CE52E5C52AE7A7C50019BEE7 /* TextBootcamp.swift */; };
		CE52E5C82AE7AD5C0019BEE7 /* ShapeBootcamp.swift in Sources */ = {isa = PBXBuildFile; fileRef = CE52E5C72AE7AD5C0019BEE7 /* ShapeBootcamp.swift */; };
		CE52E5CA2AE7B0FF0019BEE7 /* ColorBootcamp.swift in Sources */ = {isa = PBXBuildFile; fileRef = CE52E5C92AE7B0FF0019BEE7 /* ColorBootcamp.swift */; };
		CE52E5CC2AE7B38E0019BEE7 /* GradientBootcamp.swift in Sources */ = {isa = PBXBuildFile; fileRef = CE52E5CB2AE7B38E0019BEE7 /* GradientBootcamp.swift */; };
		CE52E5CE2AE7B6180019BEE7 /* IconBootcamp.swift in Sources */ = {isa = PBXBuildFile; fileRef = CE52E5CD2AE7B6180019BEE7 /* IconBootcamp.swift */; };
		CE6BE5262AEA9A8B00D4753D /* SpacerBootcamp.swift in Sources */ = {isa = PBXBuildFile; fileRef = CE6BE5252AEA9A8B00D4753D /* SpacerBootcamp.swift */; };
		CE6BE5282AEA9E8100D4753D /* InitializerBootcamp.swift in Sources */ = {isa = PBXBuildFile; fileRef = CE6BE5272AEA9E8000D4753D /* InitializerBootcamp.swift */; };
		CE6BE52A2AEAA30600D4753D /* ForEachBootcamp.swift in Sources */ = {isa = PBXBuildFile; fileRef = CE6BE5292AEAA30600D4753D /* ForEachBootcamp.swift */; };
		CE6BE52C2AEAA81800D4753D /* ScrollViewBootcamp.swift in Sources */ = {isa = PBXBuildFile; fileRef = CE6BE52B2AEAA81800D4753D /* ScrollViewBootcamp.swift */; };
		CE6BE52E2AEAAC1400D4753D /* GridItemBootcamp.swift in Sources */ = {isa = PBXBuildFile; fileRef = CE6BE52D2AEAAC1400D4753D /* GridItemBootcamp.swift */; };
		CE8780F12AEFF88300B42006 /* TextFieldBootcamp.swift in Sources */ = {isa = PBXBuildFile; fileRef = CE8780F02AEFF88300B42006 /* TextFieldBootcamp.swift */; };
		CE8780F32AEFFC6C00B42006 /* TextEditorBootcamp.swift in Sources */ = {isa = PBXBuildFile; fileRef = CE8780F22AEFFC6C00B42006 /* TextEditorBootcamp.swift */; };
		CE8780F52AF0012400B42006 /* ToggleBootcamp.swift in Sources */ = {isa = PBXBuildFile; fileRef = CE8780F42AF0012400B42006 /* ToggleBootcamp.swift */; };
		CE8780F72AF006B800B42006 /* PickerBootcamp.swift in Sources */ = {isa = PBXBuildFile; fileRef = CE8780F62AF006B800B42006 /* PickerBootcamp.swift */; };
		CE8780F92AF0096100B42006 /* ColorPickerBootcamp.swift in Sources */ = {isa = PBXBuildFile; fileRef = CE8780F82AF0096100B42006 /* ColorPickerBootcamp.swift */; };
		CE8780FB2AF00D2800B42006 /* DatePickerBootcamp.swift in Sources */ = {isa = PBXBuildFile; fileRef = CE8780FA2AF00D2800B42006 /* DatePickerBootcamp.swift */; };
		CE8C22F02AE9163A0063EF5A /* ImageBootcamp.swift in Sources */ = {isa = PBXBuildFile; fileRef = CE8C22EF2AE9163A0063EF5A /* ImageBootcamp.swift */; };
		CEA8FA392AF4049700834A84 /* Model.swift in Sources */ = {isa = PBXBuildFile; fileRef = CEA8FA382AF4049700834A84 /* Model.swift */; };
		CEA8FA3B2AF404F000834A84 /* ViewModel.swift in Sources */ = {isa = PBXBuildFile; fileRef = CEA8FA3A2AF404F000834A84 /* ViewModel.swift */; };
		CEA8FA3D2AF4057A00834A84 /* StateObjectBootcamp.swift in Sources */ = {isa = PBXBuildFile; fileRef = CEA8FA3C2AF4057A00834A84 /* StateObjectBootcamp.swift */; };
		CEA8FA402AF409A700834A84 /* ObservedObjectBootcamp.swift in Sources */ = {isa = PBXBuildFile; fileRef = CEA8FA3F2AF409A700834A84 /* ObservedObjectBootcamp.swift */; };
		CEB7C5B12AF165220001847D /* StepperBootcamp.swift in Sources */ = {isa = PBXBuildFile; fileRef = CEB7C5B02AF165220001847D /* StepperBootcamp.swift */; };
		CEB7C5B32AF16ABF0001847D /* SliderBootcamp.swift in Sources */ = {isa = PBXBuildFile; fileRef = CEB7C5B22AF16ABF0001847D /* SliderBootcamp.swift */; };
		CED75BD42AE930D50054C266 /* FrameBootcamp.swift in Sources */ = {isa = PBXBuildFile; fileRef = CED75BD32AE930D50054C266 /* FrameBootcamp.swift */; };
		CED75BD62AE9335F0054C266 /* BackgroundAndOverlayBootcamp.swift in Sources */ = {isa = PBXBuildFile; fileRef = CED75BD52AE9335F0054C266 /* BackgroundAndOverlayBootcamp.swift */; };
		CED75BD82AE939A30054C266 /* StacksBootcamp.swift in Sources */ = {isa = PBXBuildFile; fileRef = CED75BD72AE939A30054C266 /* StacksBootcamp.swift */; };
		CED75BDA2AE93C6E0054C266 /* PaddingAndSpacerBootcamp.swift in Sources */ = {isa = PBXBuildFile; fileRef = CED75BD92AE93C6D0054C266 /* PaddingAndSpacerBootcamp.swift */; };
		CEDE1EB32AED1C9D0012AABC /* BindingBootcamp.swift in Sources */ = {isa = PBXBuildFile; fileRef = CEDE1EB22AED1C9D0012AABC /* BindingBootcamp.swift */; };
		CEDE1EB52AED22F80012AABC /* AnimationBootcamp.swift in Sources */ = {isa = PBXBuildFile; fileRef = CEDE1EB42AED22F80012AABC /* AnimationBootcamp.swift */; };
		CEDE1EB72AED26DA0012AABC /* TransitionBootcamp.swift in Sources */ = {isa = PBXBuildFile; fileRef = CEDE1EB62AED26DA0012AABC /* TransitionBootcamp.swift */; };
		CEDE1EB92AED2BBD0012AABC /* SheetsBootcamp.swift in Sources */ = {isa = PBXBuildFile; fileRef = CEDE1EB82AED2BBD0012AABC /* SheetsBootcamp.swift */; };
		CEDE1EBB2AED367F0012AABC /* NavigationViewBootcamp.swift in Sources */ = {isa = PBXBuildFile; fileRef = CEDE1EBA2AED367F0012AABC /* NavigationViewBootcamp.swift */; };
		CEEB52C42AEE45FA007CD5D6 /* ListBootcamp.swift in Sources */ = {isa = PBXBuildFile; fileRef = CEEB52C32AEE45FA007CD5D6 /* ListBootcamp.swift */; };
		CEEB52C62AEE98CA007CD5D6 /* AlertBootcamp.swift in Sources */ = {isa = PBXBuildFile; fileRef = CEEB52C52AEE98CA007CD5D6 /* AlertBootcamp.swift */; };
		CEEB52C82AEEA141007CD5D6 /* ActionSheetBootcamp.swift in Sources */ = {isa = PBXBuildFile; fileRef = CEEB52C72AEEA141007CD5D6 /* ActionSheetBootcamp.swift */; };
		CEF5E1C92AF28A2A00A742D9 /* DocumentationBootcamp.swift in Sources */ = {isa = PBXBuildFile; fileRef = CEF5E1C82AF28A2A00A742D9 /* DocumentationBootcamp.swift */; };
		CEF5E1CB2AF296B300A742D9 /* OnAppearBootcamp.swift in Sources */ = {isa = PBXBuildFile; fileRef = CEF5E1CA2AF296B300A742D9 /* OnAppearBootcamp.swift */; };
		CEF5E1CD2AF29C0600A742D9 /* TapGestureBootcamp.swift in Sources */ = {isa = PBXBuildFile; fileRef = CEF5E1CC2AF29C0600A742D9 /* TapGestureBootcamp.swift */; };
/* End PBXBuildFile section */

/* Begin PBXFileReference section */
		CE104AFD2AF54F3B00C0B8BB /* EnvironmentViewModel.swift */ = {isa = PBXFileReference; lastKnownFileType = sourcecode.swift; path = EnvironmentViewModel.swift; sourceTree = "<group>"; };
		CE104AFF2AF5505300C0B8BB /* EnvironmentObjectBootcamp.swift */ = {isa = PBXFileReference; lastKnownFileType = sourcecode.swift; path = EnvironmentObjectBootcamp.swift; sourceTree = "<group>"; };
		CE1CBBB32AF174C100CF7CBD /* TabViewBootcamp.swift */ = {isa = PBXFileReference; lastKnownFileType = sourcecode.swift; path = TabViewBootcamp.swift; sourceTree = "<group>"; };
		CE1CBBB52AF177FA00CF7CBD /* DarkModeBootcamp.swift */ = {isa = PBXFileReference; lastKnownFileType = sourcecode.swift; path = DarkModeBootcamp.swift; sourceTree = "<group>"; };
		CE3C2C172AEC062600F142EA /* SafeAreaBootcamp.swift */ = {isa = PBXFileReference; lastKnownFileType = sourcecode.swift; path = SafeAreaBootcamp.swift; sourceTree = "<group>"; };
		CE3C2C192AEC0A7800F142EA /* ButtonBootcamp.swift */ = {isa = PBXFileReference; lastKnownFileType = sourcecode.swift; path = ButtonBootcamp.swift; sourceTree = "<group>"; };
		CE3C2C1B2AEC0E0D00F142EA /* StateBootcamp.swift */ = {isa = PBXFileReference; lastKnownFileType = sourcecode.swift; path = StateBootcamp.swift; sourceTree = "<group>"; };
		CE3C2C1D2AEC14FB00F142EA /* ExtractedFunctionBootcamp.swift */ = {isa = PBXFileReference; lastKnownFileType = sourcecode.swift; path = ExtractedFunctionBootcamp.swift; sourceTree = "<group>"; };
		CE3C2C1F2AEC18D200F142EA /* ExtractedSubviewsBootcamp.swift */ = {isa = PBXFileReference; lastKnownFileType = sourcecode.swift; path = ExtractedSubviewsBootcamp.swift; sourceTree = "<group>"; };
		CE52E5B32AE7A7710019BEE7 /* SwiftUI-Bootcamp-1.app */ = {isa = PBXFileReference; explicitFileType = wrapper.application; includeInIndex = 0; path = "SwiftUI-Bootcamp-1.app"; sourceTree = BUILT_PRODUCTS_DIR; };
		CE52E5B62AE7A7710019BEE7 /* SwiftUI_Bootcamp_1App.swift */ = {isa = PBXFileReference; lastKnownFileType = sourcecode.swift; path = SwiftUI_Bootcamp_1App.swift; sourceTree = "<group>"; };
		CE52E5B82AE7A7710019BEE7 /* ContentView.swift */ = {isa = PBXFileReference; lastKnownFileType = sourcecode.swift; path = ContentView.swift; sourceTree = "<group>"; };
		CE52E5BA2AE7A7730019BEE7 /* Assets.xcassets */ = {isa = PBXFileReference; lastKnownFileType = folder.assetcatalog; path = Assets.xcassets; sourceTree = "<group>"; };
		CE52E5BC2AE7A7730019BEE7 /* SwiftUI_Bootcamp_1.entitlements */ = {isa = PBXFileReference; lastKnownFileType = text.plist.entitlements; path = SwiftUI_Bootcamp_1.entitlements; sourceTree = "<group>"; };
		CE52E5BE2AE7A7730019BEE7 /* Preview Assets.xcassets */ = {isa = PBXFileReference; lastKnownFileType = folder.assetcatalog; path = "Preview Assets.xcassets"; sourceTree = "<group>"; };
		CE52E5C52AE7A7C50019BEE7 /* TextBootcamp.swift */ = {isa = PBXFileReference; lastKnownFileType = sourcecode.swift; path = TextBootcamp.swift; sourceTree = "<group>"; };
		CE52E5C72AE7AD5C0019BEE7 /* ShapeBootcamp.swift */ = {isa = PBXFileReference; lastKnownFileType = sourcecode.swift; path = ShapeBootcamp.swift; sourceTree = "<group>"; };
		CE52E5C92AE7B0FF0019BEE7 /* ColorBootcamp.swift */ = {isa = PBXFileReference; lastKnownFileType = sourcecode.swift; path = ColorBootcamp.swift; sourceTree = "<group>"; };
		CE52E5CB2AE7B38E0019BEE7 /* GradientBootcamp.swift */ = {isa = PBXFileReference; lastKnownFileType = sourcecode.swift; path = GradientBootcamp.swift; sourceTree = "<group>"; };
		CE52E5CD2AE7B6180019BEE7 /* IconBootcamp.swift */ = {isa = PBXFileReference; lastKnownFileType = sourcecode.swift; path = IconBootcamp.swift; sourceTree = "<group>"; };
		CE6BE5252AEA9A8B00D4753D /* SpacerBootcamp.swift */ = {isa = PBXFileReference; lastKnownFileType = sourcecode.swift; path = SpacerBootcamp.swift; sourceTree = "<group>"; };
		CE6BE5272AEA9E8000D4753D /* InitializerBootcamp.swift */ = {isa = PBXFileReference; lastKnownFileType = sourcecode.swift; path = InitializerBootcamp.swift; sourceTree = "<group>"; };
		CE6BE5292AEAA30600D4753D /* ForEachBootcamp.swift */ = {isa = PBXFileReference; lastKnownFileType = sourcecode.swift; path = ForEachBootcamp.swift; sourceTree = "<group>"; };
		CE6BE52B2AEAA81800D4753D /* ScrollViewBootcamp.swift */ = {isa = PBXFileReference; lastKnownFileType = sourcecode.swift; path = ScrollViewBootcamp.swift; sourceTree = "<group>"; };
		CE6BE52D2AEAAC1400D4753D /* GridItemBootcamp.swift */ = {isa = PBXFileReference; lastKnownFileType = sourcecode.swift; path = GridItemBootcamp.swift; sourceTree = "<group>"; };
		CE8780F02AEFF88300B42006 /* TextFieldBootcamp.swift */ = {isa = PBXFileReference; lastKnownFileType = sourcecode.swift; path = TextFieldBootcamp.swift; sourceTree = "<group>"; };
		CE8780F22AEFFC6C00B42006 /* TextEditorBootcamp.swift */ = {isa = PBXFileReference; lastKnownFileType = sourcecode.swift; path = TextEditorBootcamp.swift; sourceTree = "<group>"; };
		CE8780F42AF0012400B42006 /* ToggleBootcamp.swift */ = {isa = PBXFileReference; lastKnownFileType = sourcecode.swift; path = ToggleBootcamp.swift; sourceTree = "<group>"; };
		CE8780F62AF006B800B42006 /* PickerBootcamp.swift */ = {isa = PBXFileReference; lastKnownFileType = sourcecode.swift; path = PickerBootcamp.swift; sourceTree = "<group>"; };
		CE8780F82AF0096100B42006 /* ColorPickerBootcamp.swift */ = {isa = PBXFileReference; lastKnownFileType = sourcecode.swift; path = ColorPickerBootcamp.swift; sourceTree = "<group>"; };
		CE8780FA2AF00D2800B42006 /* DatePickerBootcamp.swift */ = {isa = PBXFileReference; lastKnownFileType = sourcecode.swift; path = DatePickerBootcamp.swift; sourceTree = "<group>"; };
		CE8C22EF2AE9163A0063EF5A /* ImageBootcamp.swift */ = {isa = PBXFileReference; lastKnownFileType = sourcecode.swift; path = ImageBootcamp.swift; sourceTree = "<group>"; };
		CEA8FA382AF4049700834A84 /* Model.swift */ = {isa = PBXFileReference; lastKnownFileType = sourcecode.swift; path = Model.swift; sourceTree = "<group>"; };
		CEA8FA3A2AF404F000834A84 /* ViewModel.swift */ = {isa = PBXFileReference; lastKnownFileType = sourcecode.swift; path = ViewModel.swift; sourceTree = "<group>"; };
		CEA8FA3C2AF4057A00834A84 /* StateObjectBootcamp.swift */ = {isa = PBXFileReference; lastKnownFileType = sourcecode.swift; path = StateObjectBootcamp.swift; sourceTree = "<group>"; };
		CEA8FA3F2AF409A700834A84 /* ObservedObjectBootcamp.swift */ = {isa = PBXFileReference; lastKnownFileType = sourcecode.swift; path = ObservedObjectBootcamp.swift; sourceTree = "<group>"; };
		CEB7C5B02AF165220001847D /* StepperBootcamp.swift */ = {isa = PBXFileReference; lastKnownFileType = sourcecode.swift; path = StepperBootcamp.swift; sourceTree = "<group>"; };
		CEB7C5B22AF16ABF0001847D /* SliderBootcamp.swift */ = {isa = PBXFileReference; lastKnownFileType = sourcecode.swift; path = SliderBootcamp.swift; sourceTree = "<group>"; };
		CED75BD32AE930D50054C266 /* FrameBootcamp.swift */ = {isa = PBXFileReference; lastKnownFileType = sourcecode.swift; path = FrameBootcamp.swift; sourceTree = "<group>"; };
		CED75BD52AE9335F0054C266 /* BackgroundAndOverlayBootcamp.swift */ = {isa = PBXFileReference; lastKnownFileType = sourcecode.swift; path = BackgroundAndOverlayBootcamp.swift; sourceTree = "<group>"; };
		CED75BD72AE939A30054C266 /* StacksBootcamp.swift */ = {isa = PBXFileReference; lastKnownFileType = sourcecode.swift; path = StacksBootcamp.swift; sourceTree = "<group>"; };
		CED75BD92AE93C6D0054C266 /* PaddingAndSpacerBootcamp.swift */ = {isa = PBXFileReference; lastKnownFileType = sourcecode.swift; path = PaddingAndSpacerBootcamp.swift; sourceTree = "<group>"; };
		CEDE1EB22AED1C9D0012AABC /* BindingBootcamp.swift */ = {isa = PBXFileReference; lastKnownFileType = sourcecode.swift; path = BindingBootcamp.swift; sourceTree = "<group>"; };
		CEDE1EB42AED22F80012AABC /* AnimationBootcamp.swift */ = {isa = PBXFileReference; lastKnownFileType = sourcecode.swift; path = AnimationBootcamp.swift; sourceTree = "<group>"; };
		CEDE1EB62AED26DA0012AABC /* TransitionBootcamp.swift */ = {isa = PBXFileReference; lastKnownFileType = sourcecode.swift; path = TransitionBootcamp.swift; sourceTree = "<group>"; };
		CEDE1EB82AED2BBD0012AABC /* SheetsBootcamp.swift */ = {isa = PBXFileReference; lastKnownFileType = sourcecode.swift; path = SheetsBootcamp.swift; sourceTree = "<group>"; };
		CEDE1EBA2AED367F0012AABC /* NavigationViewBootcamp.swift */ = {isa = PBXFileReference; lastKnownFileType = sourcecode.swift; path = NavigationViewBootcamp.swift; sourceTree = "<group>"; };
		CEEB52C32AEE45FA007CD5D6 /* ListBootcamp.swift */ = {isa = PBXFileReference; lastKnownFileType = sourcecode.swift; path = ListBootcamp.swift; sourceTree = "<group>"; };
		CEEB52C52AEE98CA007CD5D6 /* AlertBootcamp.swift */ = {isa = PBXFileReference; lastKnownFileType = sourcecode.swift; path = AlertBootcamp.swift; sourceTree = "<group>"; };
		CEEB52C72AEEA141007CD5D6 /* ActionSheetBootcamp.swift */ = {isa = PBXFileReference; lastKnownFileType = sourcecode.swift; path = ActionSheetBootcamp.swift; sourceTree = "<group>"; };
		CEF5E1C82AF28A2A00A742D9 /* DocumentationBootcamp.swift */ = {isa = PBXFileReference; lastKnownFileType = sourcecode.swift; path = DocumentationBootcamp.swift; sourceTree = "<group>"; };
		CEF5E1CA2AF296B300A742D9 /* OnAppearBootcamp.swift */ = {isa = PBXFileReference; lastKnownFileType = sourcecode.swift; path = OnAppearBootcamp.swift; sourceTree = "<group>"; };
		CEF5E1CC2AF29C0600A742D9 /* TapGestureBootcamp.swift */ = {isa = PBXFileReference; lastKnownFileType = sourcecode.swift; path = TapGestureBootcamp.swift; sourceTree = "<group>"; };
/* End PBXFileReference section */

/* Begin PBXFrameworksBuildPhase section */
		CE52E5B02AE7A7710019BEE7 /* Frameworks */ = {
			isa = PBXFrameworksBuildPhase;
			buildActionMask = 2147483647;
			files = (
			);
			runOnlyForDeploymentPostprocessing = 0;
		};
/* End PBXFrameworksBuildPhase section */

/* Begin PBXGroup section */
		CE52E5AA2AE7A7710019BEE7 = {
			isa = PBXGroup;
			children = (
				CE52E5B52AE7A7710019BEE7 /* SwiftUI-Bootcamp-1 */,
				CE52E5B42AE7A7710019BEE7 /* Products */,
			);
			sourceTree = "<group>";
		};
		CE52E5B42AE7A7710019BEE7 /* Products */ = {
			isa = PBXGroup;
			children = (
				CE52E5B32AE7A7710019BEE7 /* SwiftUI-Bootcamp-1.app */,
			);
			name = Products;
			sourceTree = "<group>";
		};
		CE52E5B52AE7A7710019BEE7 /* SwiftUI-Bootcamp-1 */ = {
			isa = PBXGroup;
			children = (
				CE52E5B62AE7A7710019BEE7 /* SwiftUI_Bootcamp_1App.swift */,
				CE52E5B82AE7A7710019BEE7 /* ContentView.swift */,
				CE52E5C52AE7A7C50019BEE7 /* TextBootcamp.swift */,
				CE52E5C72AE7AD5C0019BEE7 /* ShapeBootcamp.swift */,
				CE52E5C92AE7B0FF0019BEE7 /* ColorBootcamp.swift */,
				CE52E5CB2AE7B38E0019BEE7 /* GradientBootcamp.swift */,
				CE52E5CD2AE7B6180019BEE7 /* IconBootcamp.swift */,
				CE8C22EF2AE9163A0063EF5A /* ImageBootcamp.swift */,
				CED75BD32AE930D50054C266 /* FrameBootcamp.swift */,
				CED75BD52AE9335F0054C266 /* BackgroundAndOverlayBootcamp.swift */,
				CED75BD72AE939A30054C266 /* StacksBootcamp.swift */,
				CED75BD92AE93C6D0054C266 /* PaddingAndSpacerBootcamp.swift */,
				CE6BE5252AEA9A8B00D4753D /* SpacerBootcamp.swift */,
				CE6BE5272AEA9E8000D4753D /* InitializerBootcamp.swift */,
				CE6BE5292AEAA30600D4753D /* ForEachBootcamp.swift */,
				CE6BE52B2AEAA81800D4753D /* ScrollViewBootcamp.swift */,
				CE6BE52D2AEAAC1400D4753D /* GridItemBootcamp.swift */,
				CE3C2C172AEC062600F142EA /* SafeAreaBootcamp.swift */,
				CE3C2C192AEC0A7800F142EA /* ButtonBootcamp.swift */,
				CE3C2C1B2AEC0E0D00F142EA /* StateBootcamp.swift */,
				CE3C2C1D2AEC14FB00F142EA /* ExtractedFunctionBootcamp.swift */,
				CE3C2C1F2AEC18D200F142EA /* ExtractedSubviewsBootcamp.swift */,
				CEDE1EB22AED1C9D0012AABC /* BindingBootcamp.swift */,
				CEDE1EB42AED22F80012AABC /* AnimationBootcamp.swift */,
				CEDE1EB62AED26DA0012AABC /* TransitionBootcamp.swift */,
				CEDE1EB82AED2BBD0012AABC /* SheetsBootcamp.swift */,
				CEDE1EBA2AED367F0012AABC /* NavigationViewBootcamp.swift */,
				CEEB52C32AEE45FA007CD5D6 /* ListBootcamp.swift */,
				CEEB52C52AEE98CA007CD5D6 /* AlertBootcamp.swift */,
				CEEB52C72AEEA141007CD5D6 /* ActionSheetBootcamp.swift */,
				CE8780F02AEFF88300B42006 /* TextFieldBootcamp.swift */,
				CE8780F22AEFFC6C00B42006 /* TextEditorBootcamp.swift */,
				CE8780F42AF0012400B42006 /* ToggleBootcamp.swift */,
				CE8780F62AF006B800B42006 /* PickerBootcamp.swift */,
				CE8780F82AF0096100B42006 /* ColorPickerBootcamp.swift */,
				CE8780FA2AF00D2800B42006 /* DatePickerBootcamp.swift */,
				CEB7C5B02AF165220001847D /* StepperBootcamp.swift */,
				CEB7C5B22AF16ABF0001847D /* SliderBootcamp.swift */,
				CE1CBBB32AF174C100CF7CBD /* TabViewBootcamp.swift */,
				CE1CBBB52AF177FA00CF7CBD /* DarkModeBootcamp.swift */,
				CEF5E1C82AF28A2A00A742D9 /* DocumentationBootcamp.swift */,
				CEF5E1CA2AF296B300A742D9 /* OnAppearBootcamp.swift */,
				CEF5E1CC2AF29C0600A742D9 /* TapGestureBootcamp.swift */,
				CEA8FA3E2AF4058400834A84 /* PropertyWrappers */,
				CE52E5BA2AE7A7730019BEE7 /* Assets.xcassets */,
				CE52E5BC2AE7A7730019BEE7 /* SwiftUI_Bootcamp_1.entitlements */,
				CE52E5BD2AE7A7730019BEE7 /* Preview Content */,
			);
			path = "SwiftUI-Bootcamp-1";
			sourceTree = "<group>";
		};
		CE52E5BD2AE7A7730019BEE7 /* Preview Content */ = {
			isa = PBXGroup;
			children = (
				CE52E5BE2AE7A7730019BEE7 /* Preview Assets.xcassets */,
			);
			path = "Preview Content";
			sourceTree = "<group>";
		};
		CEA8FA3E2AF4058400834A84 /* PropertyWrappers */ = {
			isa = PBXGroup;
			children = (
				CEA8FA382AF4049700834A84 /* Model.swift */,
				CEA8FA3A2AF404F000834A84 /* ViewModel.swift */,
				CEA8FA3C2AF4057A00834A84 /* StateObjectBootcamp.swift */,
				CEA8FA3F2AF409A700834A84 /* ObservedObjectBootcamp.swift */,
				CE104AFD2AF54F3B00C0B8BB /* EnvironmentViewModel.swift */,
				CE104AFF2AF5505300C0B8BB /* EnvironmentObjectBootcamp.swift */,
			);
			path = PropertyWrappers;
			sourceTree = "<group>";
		};
/* End PBXGroup section */

/* Begin PBXNativeTarget section */
		CE52E5B22AE7A7710019BEE7 /* SwiftUI-Bootcamp-1 */ = {
			isa = PBXNativeTarget;
			buildConfigurationList = CE52E5C22AE7A7730019BEE7 /* Build configuration list for PBXNativeTarget "SwiftUI-Bootcamp-1" */;
			buildPhases = (
				CE52E5AF2AE7A7710019BEE7 /* Sources */,
				CE52E5B02AE7A7710019BEE7 /* Frameworks */,
				CE52E5B12AE7A7710019BEE7 /* Resources */,
			);
			buildRules = (
			);
			dependencies = (
			);
			name = "SwiftUI-Bootcamp-1";
			productName = "SwiftUI-Bootcamp-1";
			productReference = CE52E5B32AE7A7710019BEE7 /* SwiftUI-Bootcamp-1.app */;
			productType = "com.apple.product-type.application";
		};
/* End PBXNativeTarget section */

/* Begin PBXProject section */
		CE52E5AB2AE7A7710019BEE7 /* Project object */ = {
			isa = PBXProject;
			attributes = {
				BuildIndependentTargetsInParallel = 1;
				LastSwiftUpdateCheck = 1500;
				LastUpgradeCheck = 1500;
				TargetAttributes = {
					CE52E5B22AE7A7710019BEE7 = {
						CreatedOnToolsVersion = 15.0;
					};
				};
			};
			buildConfigurationList = CE52E5AE2AE7A7710019BEE7 /* Build configuration list for PBXProject "SwiftUI-Bootcamp-1" */;
			compatibilityVersion = "Xcode 14.0";
			developmentRegion = en;
			hasScannedForEncodings = 0;
			knownRegions = (
				en,
				Base,
			);
			mainGroup = CE52E5AA2AE7A7710019BEE7;
			productRefGroup = CE52E5B42AE7A7710019BEE7 /* Products */;
			projectDirPath = "";
			projectRoot = "";
			targets = (
				CE52E5B22AE7A7710019BEE7 /* SwiftUI-Bootcamp-1 */,
			);
		};
/* End PBXProject section */

/* Begin PBXResourcesBuildPhase section */
		CE52E5B12AE7A7710019BEE7 /* Resources */ = {
			isa = PBXResourcesBuildPhase;
			buildActionMask = 2147483647;
			files = (
				CE52E5BF2AE7A7730019BEE7 /* Preview Assets.xcassets in Resources */,
				CE52E5BB2AE7A7730019BEE7 /* Assets.xcassets in Resources */,
			);
			runOnlyForDeploymentPostprocessing = 0;
		};
/* End PBXResourcesBuildPhase section */

/* Begin PBXSourcesBuildPhase section */
		CE52E5AF2AE7A7710019BEE7 /* Sources */ = {
			isa = PBXSourcesBuildPhase;
			buildActionMask = 2147483647;
			files = (
				CEB7C5B12AF165220001847D /* StepperBootcamp.swift in Sources */,
				CE1CBBB42AF174C100CF7CBD /* TabViewBootcamp.swift in Sources */,
				CE8780FB2AF00D2800B42006 /* DatePickerBootcamp.swift in Sources */,
				CEEB52C62AEE98CA007CD5D6 /* AlertBootcamp.swift in Sources */,
				CE3C2C1C2AEC0E0D00F142EA /* StateBootcamp.swift in Sources */,
				CE8780F72AF006B800B42006 /* PickerBootcamp.swift in Sources */,
				CE52E5CA2AE7B0FF0019BEE7 /* ColorBootcamp.swift in Sources */,
				CEDE1EB72AED26DA0012AABC /* TransitionBootcamp.swift in Sources */,
				CED75BD62AE9335F0054C266 /* BackgroundAndOverlayBootcamp.swift in Sources */,
				CE6BE52C2AEAA81800D4753D /* ScrollViewBootcamp.swift in Sources */,
				CEA8FA3B2AF404F000834A84 /* ViewModel.swift in Sources */,
				CED75BDA2AE93C6E0054C266 /* PaddingAndSpacerBootcamp.swift in Sources */,
				CE52E5C82AE7AD5C0019BEE7 /* ShapeBootcamp.swift in Sources */,
				CED75BD42AE930D50054C266 /* FrameBootcamp.swift in Sources */,
				CEDE1EBB2AED367F0012AABC /* NavigationViewBootcamp.swift in Sources */,
				CEA8FA3D2AF4057A00834A84 /* StateObjectBootcamp.swift in Sources */,
				CEF5E1CB2AF296B300A742D9 /* OnAppearBootcamp.swift in Sources */,
				CE6BE5282AEA9E8100D4753D /* InitializerBootcamp.swift in Sources */,
				CEF5E1CD2AF29C0600A742D9 /* TapGestureBootcamp.swift in Sources */,
				CEEB52C42AEE45FA007CD5D6 /* ListBootcamp.swift in Sources */,
				CE52E5CE2AE7B6180019BEE7 /* IconBootcamp.swift in Sources */,
				CEA8FA392AF4049700834A84 /* Model.swift in Sources */,
				CEDE1EB92AED2BBD0012AABC /* SheetsBootcamp.swift in Sources */,
				CE104AFE2AF54F3B00C0B8BB /* EnvironmentViewModel.swift in Sources */,
				CE8780F92AF0096100B42006 /* ColorPickerBootcamp.swift in Sources */,
				CEF5E1C92AF28A2A00A742D9 /* DocumentationBootcamp.swift in Sources */,
				CE3C2C182AEC062700F142EA /* SafeAreaBootcamp.swift in Sources */,
				CE52E5B92AE7A7710019BEE7 /* ContentView.swift in Sources */,
				CE1CBBB62AF177FB00CF7CBD /* DarkModeBootcamp.swift in Sources */,
				CE6BE52A2AEAA30600D4753D /* ForEachBootcamp.swift in Sources */,
				CEB7C5B32AF16ABF0001847D /* SliderBootcamp.swift in Sources */,
				CE104B002AF5505300C0B8BB /* EnvironmentObjectBootcamp.swift in Sources */,
				CE3C2C1A2AEC0A7800F142EA /* ButtonBootcamp.swift in Sources */,
				CE3C2C202AEC18D200F142EA /* ExtractedSubviewsBootcamp.swift in Sources */,
				CE8780F12AEFF88300B42006 /* TextFieldBootcamp.swift in Sources */,
				CE8780F32AEFFC6C00B42006 /* TextEditorBootcamp.swift in Sources */,
				CE52E5C62AE7A7C50019BEE7 /* TextBootcamp.swift in Sources */,
				CE52E5CC2AE7B38E0019BEE7 /* GradientBootcamp.swift in Sources */,
				CED75BD82AE939A30054C266 /* StacksBootcamp.swift in Sources */,
				CE6BE5262AEA9A8B00D4753D /* SpacerBootcamp.swift in Sources */,
				CEA8FA402AF409A700834A84 /* ObservedObjectBootcamp.swift in Sources */,
				CEDE1EB32AED1C9D0012AABC /* BindingBootcamp.swift in Sources */,
				CE8C22F02AE9163A0063EF5A /* ImageBootcamp.swift in Sources */,
				CE8780F52AF0012400B42006 /* ToggleBootcamp.swift in Sources */,
				CE6BE52E2AEAAC1400D4753D /* GridItemBootcamp.swift in Sources */,
				CE52E5B72AE7A7710019BEE7 /* SwiftUI_Bootcamp_1App.swift in Sources */,
				CE3C2C1E2AEC14FB00F142EA /* ExtractedFunctionBootcamp.swift in Sources */,
				CEEB52C82AEEA141007CD5D6 /* ActionSheetBootcamp.swift in Sources */,
				CEDE1EB52AED22F80012AABC /* AnimationBootcamp.swift in Sources */,
			);
			runOnlyForDeploymentPostprocessing = 0;
		};
/* End PBXSourcesBuildPhase section */

/* Begin XCBuildConfiguration section */
		CE52E5C02AE7A7730019BEE7 /* Debug */ = {
			isa = XCBuildConfiguration;
			buildSettings = {
				ALWAYS_SEARCH_USER_PATHS = NO;
				ASSETCATALOG_COMPILER_GENERATE_SWIFT_ASSET_SYMBOL_EXTENSIONS = YES;
				CLANG_ANALYZER_NONNULL = YES;
				CLANG_ANALYZER_NUMBER_OBJECT_CONVERSION = YES_AGGRESSIVE;
				CLANG_CXX_LANGUAGE_STANDARD = "gnu++20";
				CLANG_ENABLE_MODULES = YES;
				CLANG_ENABLE_OBJC_ARC = YES;
				CLANG_ENABLE_OBJC_WEAK = YES;
				CLANG_WARN_BLOCK_CAPTURE_AUTORELEASING = YES;
				CLANG_WARN_BOOL_CONVERSION = YES;
				CLANG_WARN_COMMA = YES;
				CLANG_WARN_CONSTANT_CONVERSION = YES;
				CLANG_WARN_DEPRECATED_OBJC_IMPLEMENTATIONS = YES;
				CLANG_WARN_DIRECT_OBJC_ISA_USAGE = YES_ERROR;
				CLANG_WARN_DOCUMENTATION_COMMENTS = YES;
				CLANG_WARN_EMPTY_BODY = YES;
				CLANG_WARN_ENUM_CONVERSION = YES;
				CLANG_WARN_INFINITE_RECURSION = YES;
				CLANG_WARN_INT_CONVERSION = YES;
				CLANG_WARN_NON_LITERAL_NULL_CONVERSION = YES;
				CLANG_WARN_OBJC_IMPLICIT_RETAIN_SELF = YES;
				CLANG_WARN_OBJC_LITERAL_CONVERSION = YES;
				CLANG_WARN_OBJC_ROOT_CLASS = YES_ERROR;
				CLANG_WARN_QUOTED_INCLUDE_IN_FRAMEWORK_HEADER = YES;
				CLANG_WARN_RANGE_LOOP_ANALYSIS = YES;
				CLANG_WARN_STRICT_PROTOTYPES = YES;
				CLANG_WARN_SUSPICIOUS_MOVE = YES;
				CLANG_WARN_UNGUARDED_AVAILABILITY = YES_AGGRESSIVE;
				CLANG_WARN_UNREACHABLE_CODE = YES;
				CLANG_WARN__DUPLICATE_METHOD_MATCH = YES;
				COPY_PHASE_STRIP = NO;
				DEBUG_INFORMATION_FORMAT = dwarf;
				ENABLE_STRICT_OBJC_MSGSEND = YES;
				ENABLE_TESTABILITY = YES;
				ENABLE_USER_SCRIPT_SANDBOXING = YES;
				GCC_C_LANGUAGE_STANDARD = gnu17;
				GCC_DYNAMIC_NO_PIC = NO;
				GCC_NO_COMMON_BLOCKS = YES;
				GCC_OPTIMIZATION_LEVEL = 0;
				GCC_PREPROCESSOR_DEFINITIONS = (
					"DEBUG=1",
					"$(inherited)",
				);
				GCC_WARN_64_TO_32_BIT_CONVERSION = YES;
				GCC_WARN_ABOUT_RETURN_TYPE = YES_ERROR;
				GCC_WARN_UNDECLARED_SELECTOR = YES;
				GCC_WARN_UNINITIALIZED_AUTOS = YES_AGGRESSIVE;
				GCC_WARN_UNUSED_FUNCTION = YES;
				GCC_WARN_UNUSED_VARIABLE = YES;
				LOCALIZATION_PREFERS_STRING_CATALOGS = YES;
				MTL_ENABLE_DEBUG_INFO = INCLUDE_SOURCE;
				MTL_FAST_MATH = YES;
				ONLY_ACTIVE_ARCH = YES;
				SWIFT_ACTIVE_COMPILATION_CONDITIONS = "DEBUG $(inherited)";
				SWIFT_OPTIMIZATION_LEVEL = "-Onone";
			};
			name = Debug;
		};
		CE52E5C12AE7A7730019BEE7 /* Release */ = {
			isa = XCBuildConfiguration;
			buildSettings = {
				ALWAYS_SEARCH_USER_PATHS = NO;
				ASSETCATALOG_COMPILER_GENERATE_SWIFT_ASSET_SYMBOL_EXTENSIONS = YES;
				CLANG_ANALYZER_NONNULL = YES;
				CLANG_ANALYZER_NUMBER_OBJECT_CONVERSION = YES_AGGRESSIVE;
				CLANG_CXX_LANGUAGE_STANDARD = "gnu++20";
				CLANG_ENABLE_MODULES = YES;
				CLANG_ENABLE_OBJC_ARC = YES;
				CLANG_ENABLE_OBJC_WEAK = YES;
				CLANG_WARN_BLOCK_CAPTURE_AUTORELEASING = YES;
				CLANG_WARN_BOOL_CONVERSION = YES;
				CLANG_WARN_COMMA = YES;
				CLANG_WARN_CONSTANT_CONVERSION = YES;
				CLANG_WARN_DEPRECATED_OBJC_IMPLEMENTATIONS = YES;
				CLANG_WARN_DIRECT_OBJC_ISA_USAGE = YES_ERROR;
				CLANG_WARN_DOCUMENTATION_COMMENTS = YES;
				CLANG_WARN_EMPTY_BODY = YES;
				CLANG_WARN_ENUM_CONVERSION = YES;
				CLANG_WARN_INFINITE_RECURSION = YES;
				CLANG_WARN_INT_CONVERSION = YES;
				CLANG_WARN_NON_LITERAL_NULL_CONVERSION = YES;
				CLANG_WARN_OBJC_IMPLICIT_RETAIN_SELF = YES;
				CLANG_WARN_OBJC_LITERAL_CONVERSION = YES;
				CLANG_WARN_OBJC_ROOT_CLASS = YES_ERROR;
				CLANG_WARN_QUOTED_INCLUDE_IN_FRAMEWORK_HEADER = YES;
				CLANG_WARN_RANGE_LOOP_ANALYSIS = YES;
				CLANG_WARN_STRICT_PROTOTYPES = YES;
				CLANG_WARN_SUSPICIOUS_MOVE = YES;
				CLANG_WARN_UNGUARDED_AVAILABILITY = YES_AGGRESSIVE;
				CLANG_WARN_UNREACHABLE_CODE = YES;
				CLANG_WARN__DUPLICATE_METHOD_MATCH = YES;
				COPY_PHASE_STRIP = NO;
				DEBUG_INFORMATION_FORMAT = "dwarf-with-dsym";
				ENABLE_NS_ASSERTIONS = NO;
				ENABLE_STRICT_OBJC_MSGSEND = YES;
				ENABLE_USER_SCRIPT_SANDBOXING = YES;
				GCC_C_LANGUAGE_STANDARD = gnu17;
				GCC_NO_COMMON_BLOCKS = YES;
				GCC_WARN_64_TO_32_BIT_CONVERSION = YES;
				GCC_WARN_ABOUT_RETURN_TYPE = YES_ERROR;
				GCC_WARN_UNDECLARED_SELECTOR = YES;
				GCC_WARN_UNINITIALIZED_AUTOS = YES_AGGRESSIVE;
				GCC_WARN_UNUSED_FUNCTION = YES;
				GCC_WARN_UNUSED_VARIABLE = YES;
				LOCALIZATION_PREFERS_STRING_CATALOGS = YES;
				MTL_ENABLE_DEBUG_INFO = NO;
				MTL_FAST_MATH = YES;
				SWIFT_COMPILATION_MODE = wholemodule;
			};
			name = Release;
		};
		CE52E5C32AE7A7730019BEE7 /* Debug */ = {
			isa = XCBuildConfiguration;
			buildSettings = {
				ASSETCATALOG_COMPILER_APPICON_NAME = AppIcon;
				ASSETCATALOG_COMPILER_GLOBAL_ACCENT_COLOR_NAME = AccentColor;
				CODE_SIGN_ENTITLEMENTS = "SwiftUI-Bootcamp-1/SwiftUI_Bootcamp_1.entitlements";
				CODE_SIGN_STYLE = Automatic;
				CURRENT_PROJECT_VERSION = 1;
				DEVELOPMENT_ASSET_PATHS = "\"SwiftUI-Bootcamp-1/Preview Content\"";
				ENABLE_PREVIEWS = YES;
				GENERATE_INFOPLIST_FILE = YES;
				"INFOPLIST_KEY_UIApplicationSceneManifest_Generation[sdk=iphoneos*]" = YES;
				"INFOPLIST_KEY_UIApplicationSceneManifest_Generation[sdk=iphonesimulator*]" = YES;
				"INFOPLIST_KEY_UIApplicationSupportsIndirectInputEvents[sdk=iphoneos*]" = YES;
				"INFOPLIST_KEY_UIApplicationSupportsIndirectInputEvents[sdk=iphonesimulator*]" = YES;
				"INFOPLIST_KEY_UILaunchScreen_Generation[sdk=iphoneos*]" = YES;
				"INFOPLIST_KEY_UILaunchScreen_Generation[sdk=iphonesimulator*]" = YES;
				"INFOPLIST_KEY_UIStatusBarStyle[sdk=iphoneos*]" = UIStatusBarStyleDefault;
				"INFOPLIST_KEY_UIStatusBarStyle[sdk=iphonesimulator*]" = UIStatusBarStyleDefault;
				INFOPLIST_KEY_UISupportedInterfaceOrientations_iPad = "UIInterfaceOrientationPortrait UIInterfaceOrientationPortraitUpsideDown UIInterfaceOrientationLandscapeLeft UIInterfaceOrientationLandscapeRight";
				INFOPLIST_KEY_UISupportedInterfaceOrientations_iPhone = "UIInterfaceOrientationPortrait UIInterfaceOrientationLandscapeLeft UIInterfaceOrientationLandscapeRight";
				IPHONEOS_DEPLOYMENT_TARGET = 17.0;
				LD_RUNPATH_SEARCH_PATHS = "@executable_path/Frameworks";
				"LD_RUNPATH_SEARCH_PATHS[sdk=macosx*]" = "@executable_path/../Frameworks";
				MACOSX_DEPLOYMENT_TARGET = 14.0;
				MARKETING_VERSION = 1.0;
				PRODUCT_BUNDLE_IDENTIFIER = "co.SwiftUI-Bootcamp-1";
				PRODUCT_NAME = "$(TARGET_NAME)";
				SDKROOT = auto;
				SUPPORTED_PLATFORMS = "iphoneos iphonesimulator macosx";
				SWIFT_EMIT_LOC_STRINGS = YES;
				SWIFT_VERSION = 5.0;
				TARGETED_DEVICE_FAMILY = "1,2";
			};
			name = Debug;
		};
		CE52E5C42AE7A7730019BEE7 /* Release */ = {
			isa = XCBuildConfiguration;
			buildSettings = {
				ASSETCATALOG_COMPILER_APPICON_NAME = AppIcon;
				ASSETCATALOG_COMPILER_GLOBAL_ACCENT_COLOR_NAME = AccentColor;
				CODE_SIGN_ENTITLEMENTS = "SwiftUI-Bootcamp-1/SwiftUI_Bootcamp_1.entitlements";
				CODE_SIGN_STYLE = Automatic;
				CURRENT_PROJECT_VERSION = 1;
				DEVELOPMENT_ASSET_PATHS = "\"SwiftUI-Bootcamp-1/Preview Content\"";
				ENABLE_PREVIEWS = YES;
				GENERATE_INFOPLIST_FILE = YES;
				"INFOPLIST_KEY_UIApplicationSceneManifest_Generation[sdk=iphoneos*]" = YES;
				"INFOPLIST_KEY_UIApplicationSceneManifest_Generation[sdk=iphonesimulator*]" = YES;
				"INFOPLIST_KEY_UIApplicationSupportsIndirectInputEvents[sdk=iphoneos*]" = YES;
				"INFOPLIST_KEY_UIApplicationSupportsIndirectInputEvents[sdk=iphonesimulator*]" = YES;
				"INFOPLIST_KEY_UILaunchScreen_Generation[sdk=iphoneos*]" = YES;
				"INFOPLIST_KEY_UILaunchScreen_Generation[sdk=iphonesimulator*]" = YES;
				"INFOPLIST_KEY_UIStatusBarStyle[sdk=iphoneos*]" = UIStatusBarStyleDefault;
				"INFOPLIST_KEY_UIStatusBarStyle[sdk=iphonesimulator*]" = UIStatusBarStyleDefault;
				INFOPLIST_KEY_UISupportedInterfaceOrientations_iPad = "UIInterfaceOrientationPortrait UIInterfaceOrientationPortraitUpsideDown UIInterfaceOrientationLandscapeLeft UIInterfaceOrientationLandscapeRight";
				INFOPLIST_KEY_UISupportedInterfaceOrientations_iPhone = "UIInterfaceOrientationPortrait UIInterfaceOrientationLandscapeLeft UIInterfaceOrientationLandscapeRight";
				IPHONEOS_DEPLOYMENT_TARGET = 17.0;
				LD_RUNPATH_SEARCH_PATHS = "@executable_path/Frameworks";
				"LD_RUNPATH_SEARCH_PATHS[sdk=macosx*]" = "@executable_path/../Frameworks";
				MACOSX_DEPLOYMENT_TARGET = 14.0;
				MARKETING_VERSION = 1.0;
				PRODUCT_BUNDLE_IDENTIFIER = "co.SwiftUI-Bootcamp-1";
				PRODUCT_NAME = "$(TARGET_NAME)";
				SDKROOT = auto;
				SUPPORTED_PLATFORMS = "iphoneos iphonesimulator macosx";
				SWIFT_EMIT_LOC_STRINGS = YES;
				SWIFT_VERSION = 5.0;
				TARGETED_DEVICE_FAMILY = "1,2";
			};
			name = Release;
		};
/* End XCBuildConfiguration section */

/* Begin XCConfigurationList section */
		CE52E5AE2AE7A7710019BEE7 /* Build configuration list for PBXProject "SwiftUI-Bootcamp-1" */ = {
			isa = XCConfigurationList;
			buildConfigurations = (
				CE52E5C02AE7A7730019BEE7 /* Debug */,
				CE52E5C12AE7A7730019BEE7 /* Release */,
			);
			defaultConfigurationIsVisible = 0;
			defaultConfigurationName = Release;
		};
		CE52E5C22AE7A7730019BEE7 /* Build configuration list for PBXNativeTarget "SwiftUI-Bootcamp-1" */ = {
			isa = XCConfigurationList;
			buildConfigurations = (
				CE52E5C32AE7A7730019BEE7 /* Debug */,
				CE52E5C42AE7A7730019BEE7 /* Release */,
			);
			defaultConfigurationIsVisible = 0;
			defaultConfigurationName = Release;
		};
/* End XCConfigurationList section */
	};
	rootObject = CE52E5AB2AE7A7710019BEE7 /* Project object */;
}
